
Microsoft Visual Studio Solution File, Format Version 12.00
# Visual Studio Version 17
VisualStudioVersion = 17.5.33516.290
MinimumVisualStudioVersion = 10.0.40219.1
Project("{FAE04EC0-301F-11D3-BF4B-00C04F79EFBC}") = "Operators", "Operators.csproj", "{5B5780FA-E58E-4542-B49B-5717DF593258}"
EndProject
Global
	GlobalSection(SolutionConfigurationPlatforms) = preSolution
		Debug|Any CPU = Debug|Any CPU
		Release|Any CPU = Release|Any CPU
	EndGlobalSection
	GlobalSection(ProjectConfigurationPlatforms) = postSolution
		{5B5780FA-E58E-4542-B49B-5717DF593258}.Debug|Any CPU.ActiveCfg = Debug|Any CPU
		{5B5780FA-E58E-4542-B49B-5717DF593258}.Debug|Any CPU.Build.0 = Debug|Any CPU
		{5B5780FA-E58E-4542-B49B-5717DF593258}.Release|Any CPU.ActiveCfg = Release|Any CPU
		{5B5780FA-E58E-4542-B49B-5717DF593258}.Release|Any CPU.Build.0 = Release|Any CPU
	EndGlobalSection
	GlobalSection(SolutionProperties) = preSolution
		HideSolutionNode = FALSE
	EndGlobalSection
	GlobalSection(ExtensibilityGlobals) = postSolution
		SolutionGuid = {F3A4515C-32EB-49E8-9BC1-10070D84CDE4}
	EndGlobalSection
EndGlobal
